
Microsoft Visual Studio Solution File, Format Version 12.00
# Visual Studio Version 17
VisualStudioVersion = 17.11.35327.3
MinimumVisualStudioVersion = 10.0.40219.1
Project("{FAE04EC0-301F-11D3-BF4B-00C04F79EFBC}") = "Library", "Library.csproj", "{656564C8-D087-41AA-B4DD-E54EDD0E34AA}"
EndProject
Global
	GlobalSection(SolutionConfigurationPlatforms) = preSolution
		Debug|Any CPU = Debug|Any CPU
		Release|Any CPU = Release|Any CPU
	EndGlobalSection
	GlobalSection(ProjectConfigurationPlatforms) = postSolution
		{656564C8-D087-41AA-B4DD-E54EDD0E34AA}.Debug|Any CPU.ActiveCfg = Debug|Any CPU
		{656564C8-D087-41AA-B4DD-E54EDD0E34AA}.Debug|Any CPU.Build.0 = Debug|Any CPU
		{656564C8-D087-41AA-B4DD-E54EDD0E34AA}.Release|Any CPU.ActiveCfg = Release|Any CPU
		{656564C8-D087-41AA-B4DD-E54EDD0E34AA}.Release|Any CPU.Build.0 = Release|Any CPU
	EndGlobalSection
	GlobalSection(SolutionProperties) = preSolution
		HideSolutionNode = FALSE
	EndGlobalSection
	GlobalSection(ExtensibilityGlobals) = postSolution
		SolutionGuid = {2E2008A7-7CE8-46D1-846F-26526B2A0644}
	EndGlobalSection
EndGlobal
